Microsoft Visual Studio Solution File, Format Version 12.00
# Visual Studio 2012
Project("{FAE04EC0-301F-11D3-BF4B-00C04F79EFBC}") = "梅计划", "梅计划.csproj", "{1BF9B315-D8C0-4930-8962-F3068BD6B0BA}"
EndProject
Global
	GlobalSection(SolutionConfigurationPlatforms) = preSolution
	Debug|Any CPU = Debug|Any CPU
	ExportDebug|Any CPU = ExportDebug|Any CPU
	ExportRelease|Any CPU = ExportRelease|Any CPU
	EndGlobalSection
	GlobalSection(ProjectConfigurationPlatforms) = postSolution
		{1BF9B315-D8C0-4930-8962-F3068BD6B0BA}.Debug|Any CPU.ActiveCfg = Debug|Any CPU
		{1BF9B315-D8C0-4930-8962-F3068BD6B0BA}.Debug|Any CPU.Build.0 = Debug|Any CPU
		{1BF9B315-D8C0-4930-8962-F3068BD6B0BA}.ExportDebug|Any CPU.ActiveCfg = ExportDebug|Any CPU
		{1BF9B315-D8C0-4930-8962-F3068BD6B0BA}.ExportDebug|Any CPU.Build.0 = ExportDebug|Any CPU
		{1BF9B315-D8C0-4930-8962-F3068BD6B0BA}.ExportRelease|Any CPU.ActiveCfg = ExportRelease|Any CPU
		{1BF9B315-D8C0-4930-8962-F3068BD6B0BA}.ExportRelease|Any CPU.Build.0 = ExportRelease|Any CPU
	EndGlobalSection
EndGlobal
